%{
  "castle": {:hex, :castle, "0.3.1", "e5d4f20696d878052a23c13158e1d372b24d9b30a6ea6f52fa6063c21c5ad67e", [:mix], [{:forecastle, "~> 0.1.3", [hex: :forecastle, repo: "hexpm", optional: false]}], "hexpm", "3ee9ca04b069280ab4197fe753562958729c83b3aa08125255116a989e133835"},
  "certifi": {:hex, :certifi, "2.15.0", "0e6e882fcdaaa0a5a9f2b3db55b1394dba07e8d6d9bcad08318fb604c6839712", [:rebar3], [], "hexpm", "b147ed22ce71d72eafdad94f055165c1c182f61a2ff49df28bcc71d1d5b94a60"},
  "cowlib": {:hex, :cowlib, "2.15.0", "3c97a318a933962d1c12b96ab7c1d728267d2c523c25a5b57b0f93392b6e9e25", [:make, :rebar3], [], "hexpm", "4f00c879a64b4fe7c8fcb42a4281925e9ffdb928820b03c3ad325a617e857532"},
  "dotenvy": {:hex, :dotenvy, "1.1.0", "316aee89c11a4ec8be3d74a69d17d17ea2e21e633e0cac9f155cf420e237ccb4", [:mix], [], "hexpm", "0519bda67fdfa1c22279c2654b2f292485f0caae7360fe29205f74f28a93df18"},
  "exirc": {:hex, :exirc, "2.0.0", "6b3b8da6d56096a2a613f3688ef05ed52d235a95566e889e885409c307b218b6", [:mix], [], "hexpm", "aba949c7e60ce4bbf1954d78ede33825ffe2fa01e840edd843ddc8f3775e7390"},
  "forecastle": {:hex, :forecastle, "0.1.3", "b07d217ef10799e6d6cc7e47407858e77b1a8cb248f15185534de3403de3aa42", [:mix], [], "hexpm", "07e1ffa79c56f3e0ead59f17c0163a747dafc210ca8f244a7e65a4bfa98dc96d"},
  "gun": {:hex, :gun, "2.2.0", "b8f6b7d417e277d4c2b0dc3c07dfdf892447b087f1cc1caff9c0f556b884e33d", [:make, :rebar3], [{:cowlib, ">= 2.15.0 and < 3.0.0", [hex: :cowlib, repo: "hexpm", optional: false]}], "hexpm", "76022700c64287feb4df93a1795cff6741b83fb37415c40c34c38d2a4645261a"},
  "hackney": {:hex, :hackney, "1.25.0", "390e9b83f31e5b325b9f43b76e1a785cbdb69b5b6cd4e079aa67835ded046867", [:rebar3], [{:certifi, "~> 2.15.0", [hex: :certifi, repo: "hexpm", optional: false]}, {:idna, "~> 6.1.0", [hex: :idna, repo: "hexpm", optional: false]}, {:metrics, "~> 1.0.0", [hex: :metrics, repo: "hexpm", optional: false]}, {:mimerl, "~> 1.4", [hex: :mimerl, repo: "hexpm", optional: false]}, {:parse_trans, "3.4.1", [hex: :parse_trans, repo: "hexpm", optional: false]}, {:ssl_verify_fun, "~> 1.1.0", [hex: :ssl_verify_fun, repo: "hexpm", optional: false]}, {:unicode_util_compat, "~> 0.7.1", [hex: :unicode_util_compat, repo: "hexpm", optional: false]}], "hexpm", "7209bfd75fd1f42467211ff8f59ea74d6f2a9e81cbcee95a56711ee79fd6b1d4"},
  "idna": {:hex, :idna, "6.1.1", "8a63070e9f7d0c62eb9d9fcb360a7de382448200fbbd1b106cc96d3d8099df8d", [:rebar3], [{:unicode_util_compat, "~> 0.7.0", [hex: :unicode_util_compat, repo: "hexpm", optional: false]}], "hexpm", "92376eb7894412ed19ac475e4a86f7b413c1b9fbb5bd16dccd57934157944cea"},
  "jason": {:hex, :jason, "1.4.4", "b9226785a9aa77b6857ca22832cffa5d5011a667207eb2a0ad56adb5db443b8a", [:mix], [{:decimal, "~> 1.0 or ~> 2.0", [hex: :decimal, repo: "hexpm", optional: true]}], "hexpm", "c5eb0cab91f094599f94d55bc63409236a8ec69a21a67814529e8d5f6cc90b3b"},
  "metrics": {:hex, :metrics, "1.0.1", "25f094dea2cda98213cecc3aeff09e940299d950904393b2a29d191c346a8486", [:rebar3], [], "hexpm", "69b09adddc4f74a40716ae54d140f93beb0fb8978d8636eaded0c31b6f099f16"},
  "mime": {:hex, :mime, "2.0.7", "b8d739037be7cd402aee1ba0306edfdef982687ee7e9859bee6198c1e7e2f128", [:mix], [], "hexpm", "6171188e399ee16023ffc5b76ce445eb6d9672e2e241d2df6050f3c771e80ccd"},
  "mimerl": {:hex, :mimerl, "1.4.0", "3882a5ca67fbbe7117ba8947f27643557adec38fa2307490c4c4207624cb213b", [:rebar3], [], "hexpm", "13af15f9f68c65884ecca3a3891d50a7b57d82152792f3e19d88650aa126b144"},
  "mutex": {:hex, :mutex, "1.1.3", "d7e19f96fe19d6d97583bf12ca1ec182bbf14619b7568592cc461135de1c3b81", [:mix], [], "hexpm", "2b83b92784add2611c23dd527073b5e8dfe3c9c6c94c5bf9e3081b5c41c3ff3e"},
  "nostrum": {:git, "https://github.com/Kraigie/nostrum.git", "c95d702e476513253a0eff3910fa88fb52e91602", [ref: "c95d702e476513253a0eff3910fa88fb52e91602"]},
  "parse_trans": {:hex, :parse_trans, "3.4.1", "6e6aa8167cb44cc8f39441d05193be6e6f4e7c2946cb2759f015f8c56b76e5ff", [:rebar3], [], "hexpm", "620a406ce75dada827b82e453c19cf06776be266f5a67cff34e1ef2cbb60e49a"},
  "polyjuice_client": {:hex, :polyjuice_client, "0.4.4", "e2c34d4c2945391e4f135376d3f71e424f5b06b345c681297e7a1e4c63a72db0", [:mix], [{:hackney, "~> 1.12", [hex: :hackney, repo: "hexpm", optional: false]}, {:jason, "~> 1.2", [hex: :jason, repo: "hexpm", optional: false]}, {:mutex, "~> 1.1.3", [hex: :mutex, repo: "hexpm", optional: false]}, {:polyjuice_util, "~> 0.2.1", [hex: :polyjuice_util, repo: "hexpm", optional: false]}], "hexpm", "dc14c516ea1bbea3a2dcbc7e06c8f13b141a4dd99c3116c977d924d0242bd8a0"},
  "polyjuice_util": {:hex, :polyjuice_util, "0.2.2", "e99bcf77b990e295f2e7215e765d2005650f81805a6bd32ed3c8a7885d8393e2", [:mix], [{:jason, "~> 1.2", [hex: :jason, repo: "hexpm", optional: false]}, {:uuid, "~> 1.1", [hex: :uuid, repo: "hexpm", optional: false]}], "hexpm", "ea916266e88a8ba74f1e3d79614f909e40cc5e69e5406b55cdce622b9e33e74e"},
  "salchicha": {:hex, :salchicha, "0.4.0", "930cbb172701ed0adff3be0b94c9e0b197988c9a21028f2c33620f5c1982a519", [:mix], [], "hexpm", "e62a8f769f7bd873ac3335c0be79c4eb14e1b7e65e5278cfe09060d36e396bc9"},
  "sourceror": {:hex, :sourceror, "1.10.0", "38397dedbbc286966ec48c7af13e228b171332be1ad731974438c77791945ce9", [:mix], [], "hexpm", "29dbdfc92e04569c9d8e6efdc422fc1d815f4bd0055dc7c51b8800fb75c4b3f1"},
  "ssl_verify_fun": {:hex, :ssl_verify_fun, "1.1.7", "354c321cf377240c7b8716899e182ce4890c5938111a1296add3ec74cf1715df", [:make, :mix, :rebar3], [], "hexpm", "fe4c190e8f37401d30167c8c405eda19469f34577987c76dde613e838bbc67f8"},
  "unicode_util_compat": {:hex, :unicode_util_compat, "0.7.1", "a48703a25c170eedadca83b11e88985af08d35f37c6f664d6dcfb106a97782fc", [:rebar3], [], "hexpm", "b3a917854ce3ae233619744ad1e0102e05673136776fb2fa76234f3e03b23642"},
  "uuid": {:hex, :uuid, "1.1.8", "e22fc04499de0de3ed1116b770c7737779f226ceefa0badb3592e64d5cfb4eb9", [:mix], [], "hexpm", "c790593b4c3b601f5dc2378baae7efaf5b3d73c4c6456ba85759905be792f2ac"},
}
